
Microsoft Visual Studio Solution File, Format Version 12.00
# Visual Studio Version 16
VisualStudioVersion = 16.0.35130.168
MinimumVisualStudioVersion = 10.0.40219.1
Project("{B1E792BE-AA5F-4E3C-8C82-674BF9C0715B}") = "Stage", "Stage\Stage.tsproj", "{C61CA2FA-5123-4198-9125-8734FBACFE30}"
EndProject
Global
	GlobalSection(SolutionConfigurationPlatforms) = preSolution
		Debug|TwinCAT OS (ARMV7-A) = Debug|TwinCAT OS (ARMV7-A)
		Debug|TwinCAT OS (ARMV7-M) = Debug|TwinCAT OS (ARMV7-M)
		Debug|TwinCAT OS (ARMV8-A) = Debug|TwinCAT OS (ARMV8-A)
		Debug|TwinCAT OS (x64) = Debug|TwinCAT OS (x64)
		Debug|TwinCAT RT (x64) = Debug|TwinCAT RT (x64)
		Debug|TwinCAT RT (x86) = Debug|TwinCAT RT (x86)
		Release|TwinCAT OS (ARMV7-A) = Release|TwinCAT OS (ARMV7-A)
		Release|TwinCAT OS (ARMV7-M) = Release|TwinCAT OS (ARMV7-M)
		Release|TwinCAT OS (ARMV8-A) = Release|TwinCAT OS (ARMV8-A)
		Release|TwinCAT OS (x64) = Release|TwinCAT OS (x64)
		Release|TwinCAT RT (x64) = Release|TwinCAT RT (x64)
		Release|TwinCAT RT (x86) = Release|TwinCAT RT (x86)
	EndGlobalSection
	GlobalSection(ProjectConfigurationPlatforms) = postSolution
		{C61CA2FA-5123-4198-9125-8734FBACFE30}.Debug|TwinCAT OS (ARMV7-A).ActiveCfg = Debug|TwinCAT OS (ARMV7-A)
		{C61CA2FA-5123-4198-9125-8734FBACFE30}.Debug|TwinCAT OS (ARMV7-A).Build.0 = Debug|TwinCAT OS (ARMV7-A)
		{C61CA2FA-5123-4198-9125-8734FBACFE30}.Debug|TwinCAT OS (ARMV7-M).ActiveCfg = Debug|TwinCAT OS (ARMV7-M)
		{C61CA2FA-5123-4198-9125-8734FBACFE30}.Debug|TwinCAT OS (ARMV7-M).Build.0 = Debug|TwinCAT OS (ARMV7-M)
		{C61CA2FA-5123-4198-9125-8734FBACFE30}.Debug|TwinCAT OS (ARMV8-A).ActiveCfg = Debug|TwinCAT OS (ARMV8-A)
		{C61CA2FA-5123-4198-9125-8734FBACFE30}.Debug|TwinCAT OS (ARMV8-A).Build.0 = Debug|TwinCAT OS (ARMV8-A)
		{C61CA2FA-5123-4198-9125-8734FBACFE30}.Debug|TwinCAT OS (x64).ActiveCfg = Debug|TwinCAT OS (x64)
		{C61CA2FA-5123-4198-9125-8734FBACFE30}.Debug|TwinCAT OS (x64).Build.0 = Debug|TwinCAT OS (x64)
		{C61CA2FA-5123-4198-9125-8734FBACFE30}.Debug|TwinCAT RT (x64).ActiveCfg = Debug|TwinCAT RT (x64)
		{C61CA2FA-5123-4198-9125-8734FBACFE30}.Debug|TwinCAT RT (x64).Build.0 = Debug|TwinCAT RT (x64)
		{C61CA2FA-5123-4198-9125-8734FBACFE30}.Debug|TwinCAT RT (x86).ActiveCfg = Debug|TwinCAT RT (x86)
		{C61CA2FA-5123-4198-9125-8734FBACFE30}.Debug|TwinCAT RT (x86).Build.0 = Debug|TwinCAT RT (x86)
		{C61CA2FA-5123-4198-9125-8734FBACFE30}.Release|TwinCAT OS (ARMV7-A).ActiveCfg = Release|TwinCAT OS (ARMV7-A)
		{C61CA2FA-5123-4198-9125-8734FBACFE30}.Release|TwinCAT OS (ARMV7-A).Build.0 = Release|TwinCAT OS (ARMV7-A)
		{C61CA2FA-5123-4198-9125-8734FBACFE30}.Release|TwinCAT OS (ARMV7-M).ActiveCfg = Release|TwinCAT OS (ARMV7-M)
		{C61CA2FA-5123-4198-9125-8734FBACFE30}.Release|TwinCAT OS (ARMV7-M).Build.0 = Release|TwinCAT OS (ARMV7-M)
		{C61CA2FA-5123-4198-9125-8734FBACFE30}.Release|TwinCAT OS (ARMV8-A).ActiveCfg = Release|TwinCAT OS (ARMV8-A)
		{C61CA2FA-5123-4198-9125-8734FBACFE30}.Release|TwinCAT OS (ARMV8-A).Build.0 = Release|TwinCAT OS (ARMV8-A)
		{C61CA2FA-5123-4198-9125-8734FBACFE30}.Release|TwinCAT OS (x64).ActiveCfg = Release|TwinCAT OS (x64)
		{C61CA2FA-5123-4198-9125-8734FBACFE30}.Release|TwinCAT OS (x64).Build.0 = Release|TwinCAT OS (x64)
		{C61CA2FA-5123-4198-9125-8734FBACFE30}.Release|TwinCAT RT (x64).ActiveCfg = Release|TwinCAT RT (x64)
		{C61CA2FA-5123-4198-9125-8734FBACFE30}.Release|TwinCAT RT (x64).Build.0 = Release|TwinCAT RT (x64)
		{C61CA2FA-5123-4198-9125-8734FBACFE30}.Release|TwinCAT RT (x86).ActiveCfg = Release|TwinCAT RT (x86)
		{C61CA2FA-5123-4198-9125-8734FBACFE30}.Release|TwinCAT RT (x86).Build.0 = Release|TwinCAT RT (x86)
		{A4313D0C-5223-4DA4-B2E2-B88C20B6A69F}.Debug|TwinCAT OS (ARMV7-A).ActiveCfg = Debug|TwinCAT OS (ARMV7-A)
		{A4313D0C-5223-4DA4-B2E2-B88C20B6A69F}.Debug|TwinCAT OS (ARMV7-A).Build.0 = Debug|TwinCAT OS (ARMV7-A)
		{A4313D0C-5223-4DA4-B2E2-B88C20B6A69F}.Debug|TwinCAT OS (ARMV7-M).ActiveCfg = Debug|TwinCAT OS (ARMV7-M)
		{A4313D0C-5223-4DA4-B2E2-B88C20B6A69F}.Debug|TwinCAT OS (ARMV7-M).Build.0 = Debug|TwinCAT OS (ARMV7-M)
		{A4313D0C-5223-4DA4-B2E2-B88C20B6A69F}.Debug|TwinCAT OS (ARMV8-A).ActiveCfg = Debug|TwinCAT OS (ARMV8-A)
		{A4313D0C-5223-4DA4-B2E2-B88C20B6A69F}.Debug|TwinCAT OS (ARMV8-A).Build.0 = Debug|TwinCAT OS (ARMV8-A)
		{A4313D0C-5223-4DA4-B2E2-B88C20B6A69F}.Debug|TwinCAT OS (x64).ActiveCfg = Debug|TwinCAT OS (x64)
		{A4313D0C-5223-4DA4-B2E2-B88C20B6A69F}.Debug|TwinCAT OS (x64).Build.0 = Debug|TwinCAT OS (x64)
		{A4313D0C-5223-4DA4-B2E2-B88C20B6A69F}.Debug|TwinCAT RT (x64).ActiveCfg = Debug|TwinCAT RT (x64)
		{A4313D0C-5223-4DA4-B2E2-B88C20B6A69F}.Debug|TwinCAT RT (x64).Build.0 = Debug|TwinCAT RT (x64)
		{A4313D0C-5223-4DA4-B2E2-B88C20B6A69F}.Debug|TwinCAT RT (x86).ActiveCfg = Debug|TwinCAT RT (x86)
		{A4313D0C-5223-4DA4-B2E2-B88C20B6A69F}.Debug|TwinCAT RT (x86).Build.0 = Debug|TwinCAT RT (x86)
		{A4313D0C-5223-4DA4-B2E2-B88C20B6A69F}.Release|TwinCAT OS (ARMV7-A).ActiveCfg = Release|TwinCAT OS (ARMV7-A)
		{A4313D0C-5223-4DA4-B2E2-B88C20B6A69F}.Release|TwinCAT OS (ARMV7-A).Build.0 = Release|TwinCAT OS (ARMV7-A)
		{A4313D0C-5223-4DA4-B2E2-B88C20B6A69F}.Release|TwinCAT OS (ARMV7-M).ActiveCfg = Release|TwinCAT OS (ARMV7-M)
		{A4313D0C-5223-4DA4-B2E2-B88C20B6A69F}.Release|TwinCAT OS (ARMV7-M).Build.0 = Release|TwinCAT OS (ARMV7-M)
		{A4313D0C-5223-4DA4-B2E2-B88C20B6A69F}.Release|TwinCAT OS (ARMV8-A).ActiveCfg = Release|TwinCAT OS (ARMV8-A)
		{A4313D0C-5223-4DA4-B2E2-B88C20B6A69F}.Release|TwinCAT OS (ARMV8-A).Build.0 = Release|TwinCAT OS (ARMV8-A)
		{A4313D0C-5223-4DA4-B2E2-B88C20B6A69F}.Release|TwinCAT OS (x64).ActiveCfg = Release|TwinCAT OS (x64)
		{A4313D0C-5223-4DA4-B2E2-B88C20B6A69F}.Release|TwinCAT OS (x64).Build.0 = Release|TwinCAT OS (x64)
		{A4313D0C-5223-4DA4-B2E2-B88C20B6A69F}.Release|TwinCAT RT (x64).ActiveCfg = Release|TwinCAT RT (x64)
		{A4313D0C-5223-4DA4-B2E2-B88C20B6A69F}.Release|TwinCAT RT (x64).Build.0 = Release|TwinCAT RT (x64)
		{A4313D0C-5223-4DA4-B2E2-B88C20B6A69F}.Release|TwinCAT RT (x86).ActiveCfg = Release|TwinCAT RT (x86)
		{A4313D0C-5223-4DA4-B2E2-B88C20B6A69F}.Release|TwinCAT RT (x86).Build.0 = Release|TwinCAT RT (x86)
		{55641B74-B2E9-428E-B2CD-6572D9010B47}.Debug|TwinCAT OS (ARMV7-A).ActiveCfg = Debug|TwinCAT OS (ARMV7-A)
		{55641B74-B2E9-428E-B2CD-6572D9010B47}.Debug|TwinCAT OS (ARMV7-A).Build.0 = Debug|TwinCAT OS (ARMV7-A)
		{55641B74-B2E9-428E-B2CD-6572D9010B47}.Debug|TwinCAT OS (ARMV7-M).ActiveCfg = Debug|TwinCAT OS (ARMV7-M)
		{55641B74-B2E9-428E-B2CD-6572D9010B47}.Debug|TwinCAT OS (ARMV7-M).Build.0 = Debug|TwinCAT OS (ARMV7-M)
		{55641B74-B2E9-428E-B2CD-6572D9010B47}.Debug|TwinCAT OS (ARMV8-A).ActiveCfg = Debug|TwinCAT OS (ARMV8-A)
		{55641B74-B2E9-428E-B2CD-6572D9010B47}.Debug|TwinCAT OS (ARMV8-A).Build.0 = Debug|TwinCAT OS (ARMV8-A)
		{55641B74-B2E9-428E-B2CD-6572D9010B47}.Debug|TwinCAT OS (x64).ActiveCfg = Debug|TwinCAT OS (x64)
		{55641B74-B2E9-428E-B2CD-6572D9010B47}.Debug|TwinCAT OS (x64).Build.0 = Debug|TwinCAT OS (x64)
		{55641B74-B2E9-428E-B2CD-6572D9010B47}.Debug|TwinCAT RT (x64).ActiveCfg = Debug|TwinCAT RT (x64)
		{55641B74-B2E9-428E-B2CD-6572D9010B47}.Debug|TwinCAT RT (x64).Build.0 = Debug|TwinCAT RT (x64)
		{55641B74-B2E9-428E-B2CD-6572D9010B47}.Debug|TwinCAT RT (x86).ActiveCfg = Debug|TwinCAT RT (x86)
		{55641B74-B2E9-428E-B2CD-6572D9010B47}.Debug|TwinCAT RT (x86).Build.0 = Debug|TwinCAT RT (x86)
		{55641B74-B2E9-428E-B2CD-6572D9010B47}.Release|TwinCAT OS (ARMV7-A).ActiveCfg = Release|TwinCAT OS (ARMV7-A)
		{55641B74-B2E9-428E-B2CD-6572D9010B47}.Release|TwinCAT OS (ARMV7-A).Build.0 = Release|TwinCAT OS (ARMV7-A)
		{55641B74-B2E9-428E-B2CD-6572D9010B47}.Release|TwinCAT OS (ARMV7-M).ActiveCfg = Release|TwinCAT OS (ARMV7-M)
		{55641B74-B2E9-428E-B2CD-6572D9010B47}.Release|TwinCAT OS (ARMV7-M).Build.0 = Release|TwinCAT OS (ARMV7-M)
		{55641B74-B2E9-428E-B2CD-6572D9010B47}.Release|TwinCAT OS (ARMV8-A).ActiveCfg = Release|TwinCAT OS (ARMV8-A)
		{55641B74-B2E9-428E-B2CD-6572D9010B47}.Release|TwinCAT OS (ARMV8-A).Build.0 = Release|TwinCAT OS (ARMV8-A)
		{55641B74-B2E9-428E-B2CD-6572D9010B47}.Release|TwinCAT OS (x64).ActiveCfg = Release|TwinCAT OS (x64)
		{55641B74-B2E9-428E-B2CD-6572D9010B47}.Release|TwinCAT OS (x64).Build.0 = Release|TwinCAT OS (x64)
		{55641B74-B2E9-428E-B2CD-6572D9010B47}.Release|TwinCAT RT (x64).ActiveCfg = Release|TwinCAT RT (x64)
		{55641B74-B2E9-428E-B2CD-6572D9010B47}.Release|TwinCAT RT (x64).Build.0 = Release|TwinCAT RT (x64)
		{55641B74-B2E9-428E-B2CD-6572D9010B47}.Release|TwinCAT RT (x86).ActiveCfg = Release|TwinCAT RT (x86)
		{55641B74-B2E9-428E-B2CD-6572D9010B47}.Release|TwinCAT RT (x86).Build.0 = Release|TwinCAT RT (x86)
		{498E16F7-0664-4968-A44B-F00C4B4BA6AA}.Debug|TwinCAT OS (ARMV7-A).ActiveCfg = Debug|TwinCAT OS (ARMV7-A)
		{498E16F7-0664-4968-A44B-F00C4B4BA6AA}.Debug|TwinCAT OS (ARMV7-A).Build.0 = Debug|TwinCAT OS (ARMV7-A)
		{498E16F7-0664-4968-A44B-F00C4B4BA6AA}.Debug|TwinCAT OS (ARMV7-M).ActiveCfg = Debug|TwinCAT OS (ARMV7-M)
		{498E16F7-0664-4968-A44B-F00C4B4BA6AA}.Debug|TwinCAT OS (ARMV7-M).Build.0 = Debug|TwinCAT OS (ARMV7-M)
		{498E16F7-0664-4968-A44B-F00C4B4BA6AA}.Debug|TwinCAT OS (ARMV8-A).ActiveCfg = Debug|TwinCAT OS (ARMV8-A)
		{498E16F7-0664-4968-A44B-F00C4B4BA6AA}.Debug|TwinCAT OS (ARMV8-A).Build.0 = Debug|TwinCAT OS (ARMV8-A)
		{498E16F7-0664-4968-A44B-F00C4B4BA6AA}.Debug|TwinCAT OS (x64).ActiveCfg = Debug|TwinCAT OS (x64)
		{498E16F7-0664-4968-A44B-F00C4B4BA6AA}.Debug|TwinCAT OS (x64).Build.0 = Debug|TwinCAT OS (x64)
		{498E16F7-0664-4968-A44B-F00C4B4BA6AA}.Debug|TwinCAT RT (x64).ActiveCfg = Debug|TwinCAT RT (x64)
		{498E16F7-0664-4968-A44B-F00C4B4BA6AA}.Debug|TwinCAT RT (x64).Build.0 = Debug|TwinCAT RT (x64)
		{498E16F7-0664-4968-A44B-F00C4B4BA6AA}.Debug|TwinCAT RT (x86).ActiveCfg = Debug|TwinCAT RT (x86)
		{498E16F7-0664-4968-A44B-F00C4B4BA6AA}.Debug|TwinCAT RT (x86).Build.0 = Debug|TwinCAT RT (x86)
		{498E16F7-0664-4968-A44B-F00C4B4BA6AA}.Release|TwinCAT OS (ARMV7-A).ActiveCfg = Release|TwinCAT OS (ARMV7-A)
		{498E16F7-0664-4968-A44B-F00C4B4BA6AA}.Release|TwinCAT OS (ARMV7-A).Build.0 = Release|TwinCAT OS (ARMV7-A)
		{498E16F7-0664-4968-A44B-F00C4B4BA6AA}.Release|TwinCAT OS (ARMV7-M).ActiveCfg = Release|TwinCAT OS (ARMV7-M)
		{498E16F7-0664-4968-A44B-F00C4B4BA6AA}.Release|TwinCAT OS (ARMV7-M).Build.0 = Release|TwinCAT OS (ARMV7-M)
		{498E16F7-0664-4968-A44B-F00C4B4BA6AA}.Release|TwinCAT OS (ARMV8-A).ActiveCfg = Release|TwinCAT OS (ARMV8-A)
		{498E16F7-0664-4968-A44B-F00C4B4BA6AA}.Release|TwinCAT OS (ARMV8-A).Build.0 = Release|TwinCAT OS (ARMV8-A)
		{498E16F7-0664-4968-A44B-F00C4B4BA6AA}.Release|TwinCAT OS (x64).ActiveCfg = Release|TwinCAT OS (x64)
		{498E16F7-0664-4968-A44B-F00C4B4BA6AA}.Release|TwinCAT OS (x64).Build.0 = Release|TwinCAT OS (x64)
		{498E16F7-0664-4968-A44B-F00C4B4BA6AA}.Release|TwinCAT RT (x64).ActiveCfg = Release|TwinCAT RT (x64)
		{498E16F7-0664-4968-A44B-F00C4B4BA6AA}.Release|TwinCAT RT (x64).Build.0 = Release|TwinCAT RT (x64)
		{498E16F7-0664-4968-A44B-F00C4B4BA6AA}.Release|TwinCAT RT (x86).ActiveCfg = Release|TwinCAT RT (x86)
		{498E16F7-0664-4968-A44B-F00C4B4BA6AA}.Release|TwinCAT RT (x86).Build.0 = Release|TwinCAT RT (x86)
		{8AE6D1C8-5585-479F-9D29-96A84C5D81BA}.Debug|TwinCAT OS (ARMV7-A).ActiveCfg = Debug|TwinCAT OS (ARMV7-A)
		{8AE6D1C8-5585-479F-9D29-96A84C5D81BA}.Debug|TwinCAT OS (ARMV7-A).Build.0 = Debug|TwinCAT OS (ARMV7-A)
		{8AE6D1C8-5585-479F-9D29-96A84C5D81BA}.Debug|TwinCAT OS (ARMV7-M).ActiveCfg = Debug|TwinCAT OS (ARMV7-M)
		{8AE6D1C8-5585-479F-9D29-96A84C5D81BA}.Debug|TwinCAT OS (ARMV7-M).Build.0 = Debug|TwinCAT OS (ARMV7-M)
		{8AE6D1C8-5585-479F-9D29-96A84C5D81BA}.Debug|TwinCAT OS (ARMV8-A).ActiveCfg = Debug|TwinCAT OS (ARMV8-A)
		{8AE6D1C8-5585-479F-9D29-96A84C5D81BA}.Debug|TwinCAT OS (ARMV8-A).Build.0 = Debug|TwinCAT OS (ARMV8-A)
		{8AE6D1C8-5585-479F-9D29-96A84C5D81BA}.Debug|TwinCAT OS (x64).ActiveCfg = Debug|TwinCAT OS (x64)
		{8AE6D1C8-5585-479F-9D29-96A84C5D81BA}.Debug|TwinCAT OS (x64).Build.0 = Debug|TwinCAT OS (x64)
		{8AE6D1C8-5585-479F-9D29-96A84C5D81BA}.Debug|TwinCAT RT (x64).ActiveCfg = Debug|TwinCAT RT (x64)
		{8AE6D1C8-5585-479F-9D29-96A84C5D81BA}.Debug|TwinCAT RT (x86).ActiveCfg = Debug|TwinCAT RT (x86)
		{8AE6D1C8-5585-479F-9D29-96A84C5D81BA}.Debug|TwinCAT RT (x86).Build.0 = Debug|TwinCAT RT (x86)
		{8AE6D1C8-5585-479F-9D29-96A84C5D81BA}.Release|TwinCAT OS (ARMV7-A).ActiveCfg = Release|TwinCAT OS (ARMV7-A)
		{8AE6D1C8-5585-479F-9D29-96A84C5D81BA}.Release|TwinCAT OS (ARMV7-A).Build.0 = Release|TwinCAT OS (ARMV7-A)
		{8AE6D1C8-5585-479F-9D29-96A84C5D81BA}.Release|TwinCAT OS (ARMV7-M).ActiveCfg = Release|TwinCAT OS (ARMV7-M)
		{8AE6D1C8-5585-479F-9D29-96A84C5D81BA}.Release|TwinCAT OS (ARMV7-M).Build.0 = Release|TwinCAT OS (ARMV7-M)
		{8AE6D1C8-5585-479F-9D29-96A84C5D81BA}.Release|TwinCAT OS (ARMV8-A).ActiveCfg = Release|TwinCAT OS (ARMV8-A)
		{8AE6D1C8-5585-479F-9D29-96A84C5D81BA}.Release|TwinCAT OS (ARMV8-A).Build.0 = Release|TwinCAT OS (ARMV8-A)
		{8AE6D1C8-5585-479F-9D29-96A84C5D81BA}.Release|TwinCAT OS (x64).ActiveCfg = Release|TwinCAT OS (x64)
		{8AE6D1C8-5585-479F-9D29-96A84C5D81BA}.Release|TwinCAT OS (x64).Build.0 = Release|TwinCAT OS (x64)
		{8AE6D1C8-5585-479F-9D29-96A84C5D81BA}.Release|TwinCAT RT (x64).ActiveCfg = Release|TwinCAT RT (x64)
		{8AE6D1C8-5585-479F-9D29-96A84C5D81BA}.Release|TwinCAT RT (x64).Build.0 = Release|TwinCAT RT (x64)
		{8AE6D1C8-5585-479F-9D29-96A84C5D81BA}.Release|TwinCAT RT (x86).ActiveCfg = Release|TwinCAT RT (x86)
		{8AE6D1C8-5585-479F-9D29-96A84C5D81BA}.Release|TwinCAT RT (x86).Build.0 = Release|TwinCAT RT (x86)
	EndGlobalSection
	GlobalSection(SolutionProperties) = preSolution
		HideSolutionNode = FALSE
	EndGlobalSection
	GlobalSection(ExtensibilityGlobals) = postSolution
		SolutionGuid = {334F3171-3F19-4E08-837B-DFFA8315F1ED}
	EndGlobalSection
EndGlobal
