
Microsoft Visual Studio Solution File, Format Version 12.00
# Visual Studio Version 16
VisualStudioVersion = 16.0.35130.168
MinimumVisualStudioVersion = 10.0.40219.1
Project("{B1E792BE-AA5F-4E3C-8C82-674BF9C0715B}") = "Stage", "Stage\Stage.tsproj", "{C61CA2FA-5123-4198-9125-8734FBACFE30}"
EndProject
Global
	GlobalSection(SolutionConfigurationPlatforms) = preSolution
		Debug|TwinCAT OS (ARMV7-A) = Debug|TwinCAT OS (ARMV7-A)
		Debug|TwinCAT OS (ARMV7-M) = Debug|TwinCAT OS (ARMV7-M)
		Debug|TwinCAT OS (ARMV8-A) = Debug|TwinCAT OS (ARMV8-A)
		Debug|TwinCAT OS (x64) = Debug|TwinCAT OS (x64)
		Debug|TwinCAT RT (x64) = Debug|TwinCAT RT (x64)
		Debug|TwinCAT RT (x86) = Debug|TwinCAT RT (x86)
		Release|TwinCAT OS (ARMV7-A) = Release|TwinCAT OS (ARMV7-A)
		Release|TwinCAT OS (ARMV7-M) = Release|TwinCAT OS (ARMV7-M)
		Release|TwinCAT OS (ARMV8-A) = Release|TwinCAT OS (ARMV8-A)
		Release|TwinCAT OS (x64) = Release|TwinCAT OS (x64)
		Release|TwinCAT RT (x64) = Release|TwinCAT RT (x64)
		Release|TwinCAT RT (x86) = Release|TwinCAT RT (x86)
	EndGlobalSection
	GlobalSection(ProjectConfigurationPlatforms) = postSolution
		{C61CA2FA-5123-4198-9125-8734FBACFE30}.Debug|TwinCAT OS (ARMV7-A).ActiveCfg = Debug|TwinCAT OS (ARMV7-A)
		{C61CA2FA-5123-4198-9125-8734FBACFE30}.Debug|TwinCAT OS (ARMV7-A).Build.0 = Debug|TwinCAT OS (ARMV7-A)
		{C61CA2FA-5123-4198-9125-8734FBACFE30}.Debug|TwinCAT OS (ARMV7-M).ActiveCfg = Debug|TwinCAT OS (ARMV7-M)
		{C61CA2FA-5123-4198-9125-8734FBACFE30}.Debug|TwinCAT OS (ARMV7-M).Build.0 = Debug|TwinCAT OS (ARMV7-M)
		{C61CA2FA-5123-4198-9125-8734FBACFE30}.Debug|TwinCAT OS (ARMV8-A).ActiveCfg = Debug|TwinCAT OS (ARMV8-A)
		{C61CA2FA-5123-4198-9125-8734FBACFE30}.Debug|TwinCAT OS (ARMV8-A).Build.0 = Debug|TwinCAT OS (ARMV8-A)
		{C61CA2FA-5123-4198-9125-8734FBACFE30}.Debug|TwinCAT OS (x64).ActiveCfg = Debug|TwinCAT OS (x64)
		{C61CA2FA-5123-4198-9125-8734FBACFE30}.Debug|TwinCAT OS (x64).Build.0 = Debug|TwinCAT OS (x64)
		{C61CA2FA-5123-4198-9125-8734FBACFE30}.Debug|TwinCAT RT (x64).ActiveCfg = Debug|TwinCAT RT (x64)
		{C61CA2FA-5123-4198-9125-8734FBACFE30}.Debug|TwinCAT RT (x64).Build.0 = Debug|TwinCAT RT (x64)
		{C61CA2FA-5123-4198-9125-8734FBACFE30}.Debug|TwinCAT RT (x86).ActiveCfg = Debug|TwinCAT RT (x86)
		{C61CA2FA-5123-4198-9125-8734FBACFE30}.Debug|TwinCAT RT (x86).Build.0 = Debug|TwinCAT RT (x86)
		{C61CA2FA-5123-4198-9125-8734FBACFE30}.Release|TwinCAT OS (ARMV7-A).ActiveCfg = Release|TwinCAT OS (ARMV7-A)
		{C61CA2FA-5123-4198-9125-8734FBACFE30}.Release|TwinCAT OS (ARMV7-A).Build.0 = Release|TwinCAT OS (ARMV7-A)
		{C61CA2FA-5123-4198-9125-8734FBACFE30}.Release|TwinCAT OS (ARMV7-M).ActiveCfg = Release|TwinCAT OS (ARMV7-M)
		{C61CA2FA-5123-4198-9125-8734FBACFE30}.Release|TwinCAT OS (ARMV7-M).Build.0 = Release|TwinCAT OS (ARMV7-M)
		{C61CA2FA-5123-4198-9125-8734FBACFE30}.Release|TwinCAT OS (ARMV8-A).ActiveCfg = Release|TwinCAT OS (ARMV8-A)
		{C61CA2FA-5123-4198-9125-8734FBACFE30}.Release|TwinCAT OS (ARMV8-A).Build.0 = Release|TwinCAT OS (ARMV8-A)
		{C61CA2FA-5123-4198-9125-8734FBACFE30}.Release|TwinCAT OS (x64).ActiveCfg = Release|TwinCAT OS (x64)
		{C61CA2FA-5123-4198-9125-8734FBACFE30}.Release|TwinCAT OS (x64).Build.0 = Release|TwinCAT OS (x64)
		{C61CA2FA-5123-4198-9125-8734FBACFE30}.Release|TwinCAT RT (x64).ActiveCfg = Release|TwinCAT RT (x64)
		{C61CA2FA-5123-4198-9125-8734FBACFE30}.Release|TwinCAT RT (x64).Build.0 = Release|TwinCAT RT (x64)
		{C61CA2FA-5123-4198-9125-8734FBACFE30}.Release|TwinCAT RT (x86).ActiveCfg = Release|TwinCAT RT (x86)
		{C61CA2FA-5123-4198-9125-8734FBACFE30}.Release|TwinCAT RT (x86).Build.0 = Release|TwinCAT RT (x86)
		{E15936EC-8BEE-4FAE-95F2-95F5F6628B6D}.Debug|TwinCAT OS (ARMV7-A).ActiveCfg = Debug|TwinCAT OS (ARMV7-A)
		{E15936EC-8BEE-4FAE-95F2-95F5F6628B6D}.Debug|TwinCAT OS (ARMV7-A).Build.0 = Debug|TwinCAT OS (ARMV7-A)
		{E15936EC-8BEE-4FAE-95F2-95F5F6628B6D}.Debug|TwinCAT OS (ARMV7-M).ActiveCfg = Debug|TwinCAT OS (ARMV7-M)
		{E15936EC-8BEE-4FAE-95F2-95F5F6628B6D}.Debug|TwinCAT OS (ARMV7-M).Build.0 = Debug|TwinCAT OS (ARMV7-M)
		{E15936EC-8BEE-4FAE-95F2-95F5F6628B6D}.Debug|TwinCAT OS (ARMV8-A).ActiveCfg = Debug|TwinCAT OS (ARMV8-A)
		{E15936EC-8BEE-4FAE-95F2-95F5F6628B6D}.Debug|TwinCAT OS (ARMV8-A).Build.0 = Debug|TwinCAT OS (ARMV8-A)
		{E15936EC-8BEE-4FAE-95F2-95F5F6628B6D}.Debug|TwinCAT OS (x64).ActiveCfg = Debug|TwinCAT OS (x64)
		{E15936EC-8BEE-4FAE-95F2-95F5F6628B6D}.Debug|TwinCAT OS (x64).Build.0 = Debug|TwinCAT OS (x64)
		{E15936EC-8BEE-4FAE-95F2-95F5F6628B6D}.Debug|TwinCAT RT (x64).ActiveCfg = Debug|TwinCAT RT (x64)
		{E15936EC-8BEE-4FAE-95F2-95F5F6628B6D}.Debug|TwinCAT RT (x64).Build.0 = Debug|TwinCAT RT (x64)
		{E15936EC-8BEE-4FAE-95F2-95F5F6628B6D}.Debug|TwinCAT RT (x86).ActiveCfg = Debug|TwinCAT RT (x86)
		{E15936EC-8BEE-4FAE-95F2-95F5F6628B6D}.Debug|TwinCAT RT (x86).Build.0 = Debug|TwinCAT RT (x86)
		{E15936EC-8BEE-4FAE-95F2-95F5F6628B6D}.Release|TwinCAT OS (ARMV7-A).ActiveCfg = Release|TwinCAT OS (ARMV7-A)
		{E15936EC-8BEE-4FAE-95F2-95F5F6628B6D}.Release|TwinCAT OS (ARMV7-A).Build.0 = Release|TwinCAT OS (ARMV7-A)
		{E15936EC-8BEE-4FAE-95F2-95F5F6628B6D}.Release|TwinCAT OS (ARMV7-M).ActiveCfg = Release|TwinCAT OS (ARMV7-M)
		{E15936EC-8BEE-4FAE-95F2-95F5F6628B6D}.Release|TwinCAT OS (ARMV7-M).Build.0 = Release|TwinCAT OS (ARMV7-M)
		{E15936EC-8BEE-4FAE-95F2-95F5F6628B6D}.Release|TwinCAT OS (ARMV8-A).ActiveCfg = Release|TwinCAT OS (ARMV8-A)
		{E15936EC-8BEE-4FAE-95F2-95F5F6628B6D}.Release|TwinCAT OS (ARMV8-A).Build.0 = Release|TwinCAT OS (ARMV8-A)
		{E15936EC-8BEE-4FAE-95F2-95F5F6628B6D}.Release|TwinCAT OS (x64).ActiveCfg = Release|TwinCAT OS (x64)
		{E15936EC-8BEE-4FAE-95F2-95F5F6628B6D}.Release|TwinCAT OS (x64).Build.0 = Release|TwinCAT OS (x64)
		{E15936EC-8BEE-4FAE-95F2-95F5F6628B6D}.Release|TwinCAT RT (x64).ActiveCfg = Release|TwinCAT RT (x64)
		{E15936EC-8BEE-4FAE-95F2-95F5F6628B6D}.Release|TwinCAT RT (x64).Build.0 = Release|TwinCAT RT (x64)
		{E15936EC-8BEE-4FAE-95F2-95F5F6628B6D}.Release|TwinCAT RT (x86).ActiveCfg = Release|TwinCAT RT (x86)
		{E15936EC-8BEE-4FAE-95F2-95F5F6628B6D}.Release|TwinCAT RT (x86).Build.0 = Release|TwinCAT RT (x86)
		{E2E77F13-AA0C-40C0-96F2-2EE7A5346929}.Debug|TwinCAT OS (ARMV7-A).ActiveCfg = Debug|TwinCAT OS (ARMV7-A)
		{E2E77F13-AA0C-40C0-96F2-2EE7A5346929}.Debug|TwinCAT OS (ARMV7-A).Build.0 = Debug|TwinCAT OS (ARMV7-A)
		{E2E77F13-AA0C-40C0-96F2-2EE7A5346929}.Debug|TwinCAT OS (ARMV7-M).ActiveCfg = Debug|TwinCAT OS (ARMV7-M)
		{E2E77F13-AA0C-40C0-96F2-2EE7A5346929}.Debug|TwinCAT OS (ARMV7-M).Build.0 = Debug|TwinCAT OS (ARMV7-M)
		{E2E77F13-AA0C-40C0-96F2-2EE7A5346929}.Debug|TwinCAT OS (ARMV8-A).ActiveCfg = Debug|TwinCAT OS (ARMV8-A)
		{E2E77F13-AA0C-40C0-96F2-2EE7A5346929}.Debug|TwinCAT OS (ARMV8-A).Build.0 = Debug|TwinCAT OS (ARMV8-A)
		{E2E77F13-AA0C-40C0-96F2-2EE7A5346929}.Debug|TwinCAT OS (x64).ActiveCfg = Debug|TwinCAT OS (x64)
		{E2E77F13-AA0C-40C0-96F2-2EE7A5346929}.Debug|TwinCAT OS (x64).Build.0 = Debug|TwinCAT OS (x64)
		{E2E77F13-AA0C-40C0-96F2-2EE7A5346929}.Debug|TwinCAT RT (x64).ActiveCfg = Debug|TwinCAT RT (x64)
		{E2E77F13-AA0C-40C0-96F2-2EE7A5346929}.Debug|TwinCAT RT (x64).Build.0 = Debug|TwinCAT RT (x64)
		{E2E77F13-AA0C-40C0-96F2-2EE7A5346929}.Debug|TwinCAT RT (x86).ActiveCfg = Debug|TwinCAT RT (x86)
		{E2E77F13-AA0C-40C0-96F2-2EE7A5346929}.Debug|TwinCAT RT (x86).Build.0 = Debug|TwinCAT RT (x86)
		{E2E77F13-AA0C-40C0-96F2-2EE7A5346929}.Release|TwinCAT OS (ARMV7-A).ActiveCfg = Release|TwinCAT OS (ARMV7-A)
		{E2E77F13-AA0C-40C0-96F2-2EE7A5346929}.Release|TwinCAT OS (ARMV7-A).Build.0 = Release|TwinCAT OS (ARMV7-A)
		{E2E77F13-AA0C-40C0-96F2-2EE7A5346929}.Release|TwinCAT OS (ARMV7-M).ActiveCfg = Release|TwinCAT OS (ARMV7-M)
		{E2E77F13-AA0C-40C0-96F2-2EE7A5346929}.Release|TwinCAT OS (ARMV7-M).Build.0 = Release|TwinCAT OS (ARMV7-M)
		{E2E77F13-AA0C-40C0-96F2-2EE7A5346929}.Release|TwinCAT OS (ARMV8-A).ActiveCfg = Release|TwinCAT OS (ARMV8-A)
		{E2E77F13-AA0C-40C0-96F2-2EE7A5346929}.Release|TwinCAT OS (ARMV8-A).Build.0 = Release|TwinCAT OS (ARMV8-A)
		{E2E77F13-AA0C-40C0-96F2-2EE7A5346929}.Release|TwinCAT OS (x64).ActiveCfg = Release|TwinCAT OS (x64)
		{E2E77F13-AA0C-40C0-96F2-2EE7A5346929}.Release|TwinCAT OS (x64).Build.0 = Release|TwinCAT OS (x64)
		{E2E77F13-AA0C-40C0-96F2-2EE7A5346929}.Release|TwinCAT RT (x64).ActiveCfg = Release|TwinCAT RT (x64)
		{E2E77F13-AA0C-40C0-96F2-2EE7A5346929}.Release|TwinCAT RT (x64).Build.0 = Release|TwinCAT RT (x64)
		{E2E77F13-AA0C-40C0-96F2-2EE7A5346929}.Release|TwinCAT RT (x86).ActiveCfg = Release|TwinCAT RT (x86)
		{E2E77F13-AA0C-40C0-96F2-2EE7A5346929}.Release|TwinCAT RT (x86).Build.0 = Release|TwinCAT RT (x86)
		{BBE1D57A-22A7-4B84-89CF-583E1AA95B7D}.Debug|TwinCAT OS (ARMV7-A).ActiveCfg = Debug|TwinCAT OS (ARMV7-A)
		{BBE1D57A-22A7-4B84-89CF-583E1AA95B7D}.Debug|TwinCAT OS (ARMV7-A).Build.0 = Debug|TwinCAT OS (ARMV7-A)
		{BBE1D57A-22A7-4B84-89CF-583E1AA95B7D}.Debug|TwinCAT OS (ARMV7-M).ActiveCfg = Debug|TwinCAT OS (ARMV7-M)
		{BBE1D57A-22A7-4B84-89CF-583E1AA95B7D}.Debug|TwinCAT OS (ARMV7-M).Build.0 = Debug|TwinCAT OS (ARMV7-M)
		{BBE1D57A-22A7-4B84-89CF-583E1AA95B7D}.Debug|TwinCAT OS (ARMV8-A).ActiveCfg = Debug|TwinCAT OS (ARMV8-A)
		{BBE1D57A-22A7-4B84-89CF-583E1AA95B7D}.Debug|TwinCAT OS (ARMV8-A).Build.0 = Debug|TwinCAT OS (ARMV8-A)
		{BBE1D57A-22A7-4B84-89CF-583E1AA95B7D}.Debug|TwinCAT OS (x64).ActiveCfg = Debug|TwinCAT OS (x64)
		{BBE1D57A-22A7-4B84-89CF-583E1AA95B7D}.Debug|TwinCAT OS (x64).Build.0 = Debug|TwinCAT OS (x64)
		{BBE1D57A-22A7-4B84-89CF-583E1AA95B7D}.Debug|TwinCAT RT (x64).ActiveCfg = Debug|TwinCAT RT (x64)
		{BBE1D57A-22A7-4B84-89CF-583E1AA95B7D}.Debug|TwinCAT RT (x64).Build.0 = Debug|TwinCAT RT (x64)
		{BBE1D57A-22A7-4B84-89CF-583E1AA95B7D}.Debug|TwinCAT RT (x86).ActiveCfg = Debug|TwinCAT RT (x86)
		{BBE1D57A-22A7-4B84-89CF-583E1AA95B7D}.Debug|TwinCAT RT (x86).Build.0 = Debug|TwinCAT RT (x86)
		{BBE1D57A-22A7-4B84-89CF-583E1AA95B7D}.Release|TwinCAT OS (ARMV7-A).ActiveCfg = Release|TwinCAT OS (ARMV7-A)
		{BBE1D57A-22A7-4B84-89CF-583E1AA95B7D}.Release|TwinCAT OS (ARMV7-A).Build.0 = Release|TwinCAT OS (ARMV7-A)
		{BBE1D57A-22A7-4B84-89CF-583E1AA95B7D}.Release|TwinCAT OS (ARMV7-M).ActiveCfg = Release|TwinCAT OS (ARMV7-M)
		{BBE1D57A-22A7-4B84-89CF-583E1AA95B7D}.Release|TwinCAT OS (ARMV7-M).Build.0 = Release|TwinCAT OS (ARMV7-M)
		{BBE1D57A-22A7-4B84-89CF-583E1AA95B7D}.Release|TwinCAT OS (ARMV8-A).ActiveCfg = Release|TwinCAT OS (ARMV8-A)
		{BBE1D57A-22A7-4B84-89CF-583E1AA95B7D}.Release|TwinCAT OS (ARMV8-A).Build.0 = Release|TwinCAT OS (ARMV8-A)
		{BBE1D57A-22A7-4B84-89CF-583E1AA95B7D}.Release|TwinCAT OS (x64).ActiveCfg = Release|TwinCAT OS (x64)
		{BBE1D57A-22A7-4B84-89CF-583E1AA95B7D}.Release|TwinCAT OS (x64).Build.0 = Release|TwinCAT OS (x64)
		{BBE1D57A-22A7-4B84-89CF-583E1AA95B7D}.Release|TwinCAT RT (x64).ActiveCfg = Release|TwinCAT RT (x64)
		{BBE1D57A-22A7-4B84-89CF-583E1AA95B7D}.Release|TwinCAT RT (x64).Build.0 = Release|TwinCAT RT (x64)
		{BBE1D57A-22A7-4B84-89CF-583E1AA95B7D}.Release|TwinCAT RT (x86).ActiveCfg = Release|TwinCAT RT (x86)
		{BBE1D57A-22A7-4B84-89CF-583E1AA95B7D}.Release|TwinCAT RT (x86).Build.0 = Release|TwinCAT RT (x86)
		{1BCAA2E8-1AB8-4B87-8D79-B2A56F6933F3}.Debug|TwinCAT OS (ARMV7-A).ActiveCfg = Debug|TwinCAT OS (ARMV7-A)
		{1BCAA2E8-1AB8-4B87-8D79-B2A56F6933F3}.Debug|TwinCAT OS (ARMV7-A).Build.0 = Debug|TwinCAT OS (ARMV7-A)
		{1BCAA2E8-1AB8-4B87-8D79-B2A56F6933F3}.Debug|TwinCAT OS (ARMV7-M).ActiveCfg = Debug|TwinCAT OS (ARMV7-M)
		{1BCAA2E8-1AB8-4B87-8D79-B2A56F6933F3}.Debug|TwinCAT OS (ARMV7-M).Build.0 = Debug|TwinCAT OS (ARMV7-M)
		{1BCAA2E8-1AB8-4B87-8D79-B2A56F6933F3}.Debug|TwinCAT OS (ARMV8-A).ActiveCfg = Debug|TwinCAT OS (ARMV8-A)
		{1BCAA2E8-1AB8-4B87-8D79-B2A56F6933F3}.Debug|TwinCAT OS (ARMV8-A).Build.0 = Debug|TwinCAT OS (ARMV8-A)
		{1BCAA2E8-1AB8-4B87-8D79-B2A56F6933F3}.Debug|TwinCAT OS (x64).ActiveCfg = Debug|TwinCAT OS (x64)
		{1BCAA2E8-1AB8-4B87-8D79-B2A56F6933F3}.Debug|TwinCAT OS (x64).Build.0 = Debug|TwinCAT OS (x64)
		{1BCAA2E8-1AB8-4B87-8D79-B2A56F6933F3}.Debug|TwinCAT RT (x64).ActiveCfg = Debug|TwinCAT RT (x64)
		{1BCAA2E8-1AB8-4B87-8D79-B2A56F6933F3}.Debug|TwinCAT RT (x64).Build.0 = Debug|TwinCAT RT (x64)
		{1BCAA2E8-1AB8-4B87-8D79-B2A56F6933F3}.Debug|TwinCAT RT (x86).ActiveCfg = Debug|TwinCAT RT (x86)
		{1BCAA2E8-1AB8-4B87-8D79-B2A56F6933F3}.Debug|TwinCAT RT (x86).Build.0 = Debug|TwinCAT RT (x86)
		{1BCAA2E8-1AB8-4B87-8D79-B2A56F6933F3}.Release|TwinCAT OS (ARMV7-A).ActiveCfg = Release|TwinCAT OS (ARMV7-A)
		{1BCAA2E8-1AB8-4B87-8D79-B2A56F6933F3}.Release|TwinCAT OS (ARMV7-A).Build.0 = Release|TwinCAT OS (ARMV7-A)
		{1BCAA2E8-1AB8-4B87-8D79-B2A56F6933F3}.Release|TwinCAT OS (ARMV7-M).ActiveCfg = Release|TwinCAT OS (ARMV7-M)
		{1BCAA2E8-1AB8-4B87-8D79-B2A56F6933F3}.Release|TwinCAT OS (ARMV7-M).Build.0 = Release|TwinCAT OS (ARMV7-M)
		{1BCAA2E8-1AB8-4B87-8D79-B2A56F6933F3}.Release|TwinCAT OS (ARMV8-A).ActiveCfg = Release|TwinCAT OS (ARMV8-A)
		{1BCAA2E8-1AB8-4B87-8D79-B2A56F6933F3}.Release|TwinCAT OS (ARMV8-A).Build.0 = Release|TwinCAT OS (ARMV8-A)
		{1BCAA2E8-1AB8-4B87-8D79-B2A56F6933F3}.Release|TwinCAT OS (x64).ActiveCfg = Release|TwinCAT OS (x64)
		{1BCAA2E8-1AB8-4B87-8D79-B2A56F6933F3}.Release|TwinCAT OS (x64).Build.0 = Release|TwinCAT OS (x64)
		{1BCAA2E8-1AB8-4B87-8D79-B2A56F6933F3}.Release|TwinCAT RT (x64).ActiveCfg = Release|TwinCAT RT (x64)
		{1BCAA2E8-1AB8-4B87-8D79-B2A56F6933F3}.Release|TwinCAT RT (x64).Build.0 = Release|TwinCAT RT (x64)
		{1BCAA2E8-1AB8-4B87-8D79-B2A56F6933F3}.Release|TwinCAT RT (x86).ActiveCfg = Release|TwinCAT RT (x86)
		{1BCAA2E8-1AB8-4B87-8D79-B2A56F6933F3}.Release|TwinCAT RT (x86).Build.0 = Release|TwinCAT RT (x86)
		{7F3F1D4C-9923-428A-AA31-9C3CA590A3AF}.Debug|TwinCAT OS (ARMV7-A).ActiveCfg = Debug|TwinCAT OS (ARMV7-A)
		{7F3F1D4C-9923-428A-AA31-9C3CA590A3AF}.Debug|TwinCAT OS (ARMV7-A).Build.0 = Debug|TwinCAT OS (ARMV7-A)
		{7F3F1D4C-9923-428A-AA31-9C3CA590A3AF}.Debug|TwinCAT OS (ARMV7-M).ActiveCfg = Debug|TwinCAT OS (ARMV7-M)
		{7F3F1D4C-9923-428A-AA31-9C3CA590A3AF}.Debug|TwinCAT OS (ARMV7-M).Build.0 = Debug|TwinCAT OS (ARMV7-M)
		{7F3F1D4C-9923-428A-AA31-9C3CA590A3AF}.Debug|TwinCAT OS (ARMV8-A).ActiveCfg = Debug|TwinCAT OS (ARMV8-A)
		{7F3F1D4C-9923-428A-AA31-9C3CA590A3AF}.Debug|TwinCAT OS (ARMV8-A).Build.0 = Debug|TwinCAT OS (ARMV8-A)
		{7F3F1D4C-9923-428A-AA31-9C3CA590A3AF}.Debug|TwinCAT OS (x64).ActiveCfg = Debug|TwinCAT OS (x64)
		{7F3F1D4C-9923-428A-AA31-9C3CA590A3AF}.Debug|TwinCAT OS (x64).Build.0 = Debug|TwinCAT OS (x64)
		{7F3F1D4C-9923-428A-AA31-9C3CA590A3AF}.Debug|TwinCAT RT (x64).ActiveCfg = Debug|TwinCAT RT (x64)
		{7F3F1D4C-9923-428A-AA31-9C3CA590A3AF}.Debug|TwinCAT RT (x64).Build.0 = Debug|TwinCAT RT (x64)
		{7F3F1D4C-9923-428A-AA31-9C3CA590A3AF}.Debug|TwinCAT RT (x86).ActiveCfg = Debug|TwinCAT RT (x86)
		{7F3F1D4C-9923-428A-AA31-9C3CA590A3AF}.Debug|TwinCAT RT (x86).Build.0 = Debug|TwinCAT RT (x86)
		{7F3F1D4C-9923-428A-AA31-9C3CA590A3AF}.Release|TwinCAT OS (ARMV7-A).ActiveCfg = Release|TwinCAT OS (ARMV7-A)
		{7F3F1D4C-9923-428A-AA31-9C3CA590A3AF}.Release|TwinCAT OS (ARMV7-A).Build.0 = Release|TwinCAT OS (ARMV7-A)
		{7F3F1D4C-9923-428A-AA31-9C3CA590A3AF}.Release|TwinCAT OS (ARMV7-M).ActiveCfg = Release|TwinCAT OS (ARMV7-M)
		{7F3F1D4C-9923-428A-AA31-9C3CA590A3AF}.Release|TwinCAT OS (ARMV7-M).Build.0 = Release|TwinCAT OS (ARMV7-M)
		{7F3F1D4C-9923-428A-AA31-9C3CA590A3AF}.Release|TwinCAT OS (ARMV8-A).ActiveCfg = Release|TwinCAT OS (ARMV8-A)
		{7F3F1D4C-9923-428A-AA31-9C3CA590A3AF}.Release|TwinCAT OS (ARMV8-A).Build.0 = Release|TwinCAT OS (ARMV8-A)
		{7F3F1D4C-9923-428A-AA31-9C3CA590A3AF}.Release|TwinCAT OS (x64).ActiveCfg = Release|TwinCAT OS (x64)
		{7F3F1D4C-9923-428A-AA31-9C3CA590A3AF}.Release|TwinCAT OS (x64).Build.0 = Release|TwinCAT OS (x64)
		{7F3F1D4C-9923-428A-AA31-9C3CA590A3AF}.Release|TwinCAT RT (x64).ActiveCfg = Release|TwinCAT RT (x64)
		{7F3F1D4C-9923-428A-AA31-9C3CA590A3AF}.Release|TwinCAT RT (x64).Build.0 = Release|TwinCAT RT (x64)
		{7F3F1D4C-9923-428A-AA31-9C3CA590A3AF}.Release|TwinCAT RT (x86).ActiveCfg = Release|TwinCAT RT (x86)
		{7F3F1D4C-9923-428A-AA31-9C3CA590A3AF}.Release|TwinCAT RT (x86).Build.0 = Release|TwinCAT RT (x86)
		{E2DE498A-8669-4198-8254-AC8F835FEE55}.Debug|TwinCAT OS (ARMV7-A).ActiveCfg = Debug|TwinCAT OS (ARMV7-A)
		{E2DE498A-8669-4198-8254-AC8F835FEE55}.Debug|TwinCAT OS (ARMV7-A).Build.0 = Debug|TwinCAT OS (ARMV7-A)
		{E2DE498A-8669-4198-8254-AC8F835FEE55}.Debug|TwinCAT OS (ARMV7-M).ActiveCfg = Debug|TwinCAT OS (ARMV7-M)
		{E2DE498A-8669-4198-8254-AC8F835FEE55}.Debug|TwinCAT OS (ARMV7-M).Build.0 = Debug|TwinCAT OS (ARMV7-M)
		{E2DE498A-8669-4198-8254-AC8F835FEE55}.Debug|TwinCAT OS (ARMV8-A).ActiveCfg = Debug|TwinCAT OS (ARMV8-A)
		{E2DE498A-8669-4198-8254-AC8F835FEE55}.Debug|TwinCAT OS (ARMV8-A).Build.0 = Debug|TwinCAT OS (ARMV8-A)
		{E2DE498A-8669-4198-8254-AC8F835FEE55}.Debug|TwinCAT OS (x64).ActiveCfg = Debug|TwinCAT OS (x64)
		{E2DE498A-8669-4198-8254-AC8F835FEE55}.Debug|TwinCAT OS (x64).Build.0 = Debug|TwinCAT OS (x64)
		{E2DE498A-8669-4198-8254-AC8F835FEE55}.Debug|TwinCAT RT (x64).ActiveCfg = Debug|TwinCAT RT (x64)
		{E2DE498A-8669-4198-8254-AC8F835FEE55}.Debug|TwinCAT RT (x64).Build.0 = Debug|TwinCAT RT (x64)
		{E2DE498A-8669-4198-8254-AC8F835FEE55}.Debug|TwinCAT RT (x86).ActiveCfg = Debug|TwinCAT RT (x86)
		{E2DE498A-8669-4198-8254-AC8F835FEE55}.Debug|TwinCAT RT (x86).Build.0 = Debug|TwinCAT RT (x86)
		{E2DE498A-8669-4198-8254-AC8F835FEE55}.Release|TwinCAT OS (ARMV7-A).ActiveCfg = Release|TwinCAT OS (ARMV7-A)
		{E2DE498A-8669-4198-8254-AC8F835FEE55}.Release|TwinCAT OS (ARMV7-A).Build.0 = Release|TwinCAT OS (ARMV7-A)
		{E2DE498A-8669-4198-8254-AC8F835FEE55}.Release|TwinCAT OS (ARMV7-M).ActiveCfg = Release|TwinCAT OS (ARMV7-M)
		{E2DE498A-8669-4198-8254-AC8F835FEE55}.Release|TwinCAT OS (ARMV7-M).Build.0 = Release|TwinCAT OS (ARMV7-M)
		{E2DE498A-8669-4198-8254-AC8F835FEE55}.Release|TwinCAT OS (ARMV8-A).ActiveCfg = Release|TwinCAT OS (ARMV8-A)
		{E2DE498A-8669-4198-8254-AC8F835FEE55}.Release|TwinCAT OS (ARMV8-A).Build.0 = Release|TwinCAT OS (ARMV8-A)
		{E2DE498A-8669-4198-8254-AC8F835FEE55}.Release|TwinCAT OS (x64).ActiveCfg = Release|TwinCAT OS (x64)
		{E2DE498A-8669-4198-8254-AC8F835FEE55}.Release|TwinCAT OS (x64).Build.0 = Release|TwinCAT OS (x64)
		{E2DE498A-8669-4198-8254-AC8F835FEE55}.Release|TwinCAT RT (x64).ActiveCfg = Release|TwinCAT RT (x64)
		{E2DE498A-8669-4198-8254-AC8F835FEE55}.Release|TwinCAT RT (x64).Build.0 = Release|TwinCAT RT (x64)
		{E2DE498A-8669-4198-8254-AC8F835FEE55}.Release|TwinCAT RT (x86).ActiveCfg = Release|TwinCAT RT (x86)
		{E2DE498A-8669-4198-8254-AC8F835FEE55}.Release|TwinCAT RT (x86).Build.0 = Release|TwinCAT RT (x86)
		{30370BF4-F0C9-4437-BB27-E4C1DD79E488}.Debug|TwinCAT OS (ARMV7-A).ActiveCfg = Debug|TwinCAT OS (ARMV7-A)
		{30370BF4-F0C9-4437-BB27-E4C1DD79E488}.Debug|TwinCAT OS (ARMV7-A).Build.0 = Debug|TwinCAT OS (ARMV7-A)
		{30370BF4-F0C9-4437-BB27-E4C1DD79E488}.Debug|TwinCAT OS (ARMV7-M).ActiveCfg = Debug|TwinCAT OS (ARMV7-M)
		{30370BF4-F0C9-4437-BB27-E4C1DD79E488}.Debug|TwinCAT OS (ARMV7-M).Build.0 = Debug|TwinCAT OS (ARMV7-M)
		{30370BF4-F0C9-4437-BB27-E4C1DD79E488}.Debug|TwinCAT OS (ARMV8-A).ActiveCfg = Debug|TwinCAT OS (ARMV8-A)
		{30370BF4-F0C9-4437-BB27-E4C1DD79E488}.Debug|TwinCAT OS (ARMV8-A).Build.0 = Debug|TwinCAT OS (ARMV8-A)
		{30370BF4-F0C9-4437-BB27-E4C1DD79E488}.Debug|TwinCAT OS (x64).ActiveCfg = Debug|TwinCAT OS (x64)
		{30370BF4-F0C9-4437-BB27-E4C1DD79E488}.Debug|TwinCAT OS (x64).Build.0 = Debug|TwinCAT OS (x64)
		{30370BF4-F0C9-4437-BB27-E4C1DD79E488}.Debug|TwinCAT RT (x64).ActiveCfg = Debug|TwinCAT RT (x64)
		{30370BF4-F0C9-4437-BB27-E4C1DD79E488}.Debug|TwinCAT RT (x64).Build.0 = Debug|TwinCAT RT (x64)
		{30370BF4-F0C9-4437-BB27-E4C1DD79E488}.Debug|TwinCAT RT (x86).ActiveCfg = Debug|TwinCAT RT (x86)
		{30370BF4-F0C9-4437-BB27-E4C1DD79E488}.Debug|TwinCAT RT (x86).Build.0 = Debug|TwinCAT RT (x86)
		{30370BF4-F0C9-4437-BB27-E4C1DD79E488}.Release|TwinCAT OS (ARMV7-A).ActiveCfg = Release|TwinCAT OS (ARMV7-A)
		{30370BF4-F0C9-4437-BB27-E4C1DD79E488}.Release|TwinCAT OS (ARMV7-A).Build.0 = Release|TwinCAT OS (ARMV7-A)
		{30370BF4-F0C9-4437-BB27-E4C1DD79E488}.Release|TwinCAT OS (ARMV7-M).ActiveCfg = Release|TwinCAT OS (ARMV7-M)
		{30370BF4-F0C9-4437-BB27-E4C1DD79E488}.Release|TwinCAT OS (ARMV7-M).Build.0 = Release|TwinCAT OS (ARMV7-M)
		{30370BF4-F0C9-4437-BB27-E4C1DD79E488}.Release|TwinCAT OS (ARMV8-A).ActiveCfg = Release|TwinCAT OS (ARMV8-A)
		{30370BF4-F0C9-4437-BB27-E4C1DD79E488}.Release|TwinCAT OS (ARMV8-A).Build.0 = Release|TwinCAT OS (ARMV8-A)
		{30370BF4-F0C9-4437-BB27-E4C1DD79E488}.Release|TwinCAT OS (x64).ActiveCfg = Release|TwinCAT OS (x64)
		{30370BF4-F0C9-4437-BB27-E4C1DD79E488}.Release|TwinCAT OS (x64).Build.0 = Release|TwinCAT OS (x64)
		{30370BF4-F0C9-4437-BB27-E4C1DD79E488}.Release|TwinCAT RT (x64).ActiveCfg = Release|TwinCAT RT (x64)
		{30370BF4-F0C9-4437-BB27-E4C1DD79E488}.Release|TwinCAT RT (x64).Build.0 = Release|TwinCAT RT (x64)
		{30370BF4-F0C9-4437-BB27-E4C1DD79E488}.Release|TwinCAT RT (x86).ActiveCfg = Release|TwinCAT RT (x86)
		{30370BF4-F0C9-4437-BB27-E4C1DD79E488}.Release|TwinCAT RT (x86).Build.0 = Release|TwinCAT RT (x86)
		{737A7BC1-ADEF-408C-A901-EF23593A93AE}.Debug|TwinCAT OS (ARMV7-A).ActiveCfg = Debug|TwinCAT OS (ARMV7-A)
		{737A7BC1-ADEF-408C-A901-EF23593A93AE}.Debug|TwinCAT OS (ARMV7-A).Build.0 = Debug|TwinCAT OS (ARMV7-A)
		{737A7BC1-ADEF-408C-A901-EF23593A93AE}.Debug|TwinCAT OS (ARMV7-M).ActiveCfg = Debug|TwinCAT OS (ARMV7-M)
		{737A7BC1-ADEF-408C-A901-EF23593A93AE}.Debug|TwinCAT OS (ARMV7-M).Build.0 = Debug|TwinCAT OS (ARMV7-M)
		{737A7BC1-ADEF-408C-A901-EF23593A93AE}.Debug|TwinCAT OS (ARMV8-A).ActiveCfg = Debug|TwinCAT OS (ARMV8-A)
		{737A7BC1-ADEF-408C-A901-EF23593A93AE}.Debug|TwinCAT OS (ARMV8-A).Build.0 = Debug|TwinCAT OS (ARMV8-A)
		{737A7BC1-ADEF-408C-A901-EF23593A93AE}.Debug|TwinCAT OS (x64).ActiveCfg = Debug|TwinCAT OS (x64)
		{737A7BC1-ADEF-408C-A901-EF23593A93AE}.Debug|TwinCAT OS (x64).Build.0 = Debug|TwinCAT OS (x64)
		{737A7BC1-ADEF-408C-A901-EF23593A93AE}.Debug|TwinCAT RT (x64).ActiveCfg = Debug|TwinCAT RT (x64)
		{737A7BC1-ADEF-408C-A901-EF23593A93AE}.Debug|TwinCAT RT (x64).Build.0 = Debug|TwinCAT RT (x64)
		{737A7BC1-ADEF-408C-A901-EF23593A93AE}.Debug|TwinCAT RT (x86).ActiveCfg = Debug|TwinCAT RT (x86)
		{737A7BC1-ADEF-408C-A901-EF23593A93AE}.Debug|TwinCAT RT (x86).Build.0 = Debug|TwinCAT RT (x86)
		{737A7BC1-ADEF-408C-A901-EF23593A93AE}.Release|TwinCAT OS (ARMV7-A).ActiveCfg = Release|TwinCAT OS (ARMV7-A)
		{737A7BC1-ADEF-408C-A901-EF23593A93AE}.Release|TwinCAT OS (ARMV7-A).Build.0 = Release|TwinCAT OS (ARMV7-A)
		{737A7BC1-ADEF-408C-A901-EF23593A93AE}.Release|TwinCAT OS (ARMV7-M).ActiveCfg = Release|TwinCAT OS (ARMV7-M)
		{737A7BC1-ADEF-408C-A901-EF23593A93AE}.Release|TwinCAT OS (ARMV7-M).Build.0 = Release|TwinCAT OS (ARMV7-M)
		{737A7BC1-ADEF-408C-A901-EF23593A93AE}.Release|TwinCAT OS (ARMV8-A).ActiveCfg = Release|TwinCAT OS (ARMV8-A)
		{737A7BC1-ADEF-408C-A901-EF23593A93AE}.Release|TwinCAT OS (ARMV8-A).Build.0 = Release|TwinCAT OS (ARMV8-A)
		{737A7BC1-ADEF-408C-A901-EF23593A93AE}.Release|TwinCAT OS (x64).ActiveCfg = Release|TwinCAT OS (x64)
		{737A7BC1-ADEF-408C-A901-EF23593A93AE}.Release|TwinCAT OS (x64).Build.0 = Release|TwinCAT OS (x64)
		{737A7BC1-ADEF-408C-A901-EF23593A93AE}.Release|TwinCAT RT (x64).ActiveCfg = Release|TwinCAT RT (x64)
		{737A7BC1-ADEF-408C-A901-EF23593A93AE}.Release|TwinCAT RT (x64).Build.0 = Release|TwinCAT RT (x64)
		{737A7BC1-ADEF-408C-A901-EF23593A93AE}.Release|TwinCAT RT (x86).ActiveCfg = Release|TwinCAT RT (x86)
		{737A7BC1-ADEF-408C-A901-EF23593A93AE}.Release|TwinCAT RT (x86).Build.0 = Release|TwinCAT RT (x86)
		{EC7B8A9A-D967-4565-920A-B8C727435A53}.Debug|TwinCAT OS (ARMV7-A).ActiveCfg = Debug|TwinCAT OS (ARMV7-A)
		{EC7B8A9A-D967-4565-920A-B8C727435A53}.Debug|TwinCAT OS (ARMV7-A).Build.0 = Debug|TwinCAT OS (ARMV7-A)
		{EC7B8A9A-D967-4565-920A-B8C727435A53}.Debug|TwinCAT OS (ARMV7-M).ActiveCfg = Debug|TwinCAT OS (ARMV7-M)
		{EC7B8A9A-D967-4565-920A-B8C727435A53}.Debug|TwinCAT OS (ARMV7-M).Build.0 = Debug|TwinCAT OS (ARMV7-M)
		{EC7B8A9A-D967-4565-920A-B8C727435A53}.Debug|TwinCAT OS (ARMV8-A).ActiveCfg = Debug|TwinCAT OS (ARMV8-A)
		{EC7B8A9A-D967-4565-920A-B8C727435A53}.Debug|TwinCAT OS (ARMV8-A).Build.0 = Debug|TwinCAT OS (ARMV8-A)
		{EC7B8A9A-D967-4565-920A-B8C727435A53}.Debug|TwinCAT OS (x64).ActiveCfg = Debug|TwinCAT OS (x64)
		{EC7B8A9A-D967-4565-920A-B8C727435A53}.Debug|TwinCAT OS (x64).Build.0 = Debug|TwinCAT OS (x64)
		{EC7B8A9A-D967-4565-920A-B8C727435A53}.Debug|TwinCAT RT (x64).ActiveCfg = Debug|TwinCAT RT (x64)
		{EC7B8A9A-D967-4565-920A-B8C727435A53}.Debug|TwinCAT RT (x64).Build.0 = Debug|TwinCAT RT (x64)
		{EC7B8A9A-D967-4565-920A-B8C727435A53}.Debug|TwinCAT RT (x86).ActiveCfg = Debug|TwinCAT RT (x86)
		{EC7B8A9A-D967-4565-920A-B8C727435A53}.Debug|TwinCAT RT (x86).Build.0 = Debug|TwinCAT RT (x86)
		{EC7B8A9A-D967-4565-920A-B8C727435A53}.Release|TwinCAT OS (ARMV7-A).ActiveCfg = Release|TwinCAT OS (ARMV7-A)
		{EC7B8A9A-D967-4565-920A-B8C727435A53}.Release|TwinCAT OS (ARMV7-A).Build.0 = Release|TwinCAT OS (ARMV7-A)
		{EC7B8A9A-D967-4565-920A-B8C727435A53}.Release|TwinCAT OS (ARMV7-M).ActiveCfg = Release|TwinCAT OS (ARMV7-M)
		{EC7B8A9A-D967-4565-920A-B8C727435A53}.Release|TwinCAT OS (ARMV7-M).Build.0 = Release|TwinCAT OS (ARMV7-M)
		{EC7B8A9A-D967-4565-920A-B8C727435A53}.Release|TwinCAT OS (ARMV8-A).ActiveCfg = Release|TwinCAT OS (ARMV8-A)
		{EC7B8A9A-D967-4565-920A-B8C727435A53}.Release|TwinCAT OS (ARMV8-A).Build.0 = Release|TwinCAT OS (ARMV8-A)
		{EC7B8A9A-D967-4565-920A-B8C727435A53}.Release|TwinCAT OS (x64).ActiveCfg = Release|TwinCAT OS (x64)
		{EC7B8A9A-D967-4565-920A-B8C727435A53}.Release|TwinCAT OS (x64).Build.0 = Release|TwinCAT OS (x64)
		{EC7B8A9A-D967-4565-920A-B8C727435A53}.Release|TwinCAT RT (x64).ActiveCfg = Release|TwinCAT RT (x64)
		{EC7B8A9A-D967-4565-920A-B8C727435A53}.Release|TwinCAT RT (x64).Build.0 = Release|TwinCAT RT (x64)
		{EC7B8A9A-D967-4565-920A-B8C727435A53}.Release|TwinCAT RT (x86).ActiveCfg = Release|TwinCAT RT (x86)
		{EC7B8A9A-D967-4565-920A-B8C727435A53}.Release|TwinCAT RT (x86).Build.0 = Release|TwinCAT RT (x86)
		{09E6D34F-E502-4CD2-998E-C88E2749A597}.Debug|TwinCAT OS (ARMV7-A).ActiveCfg = Debug|TwinCAT OS (ARMV7-A)
		{09E6D34F-E502-4CD2-998E-C88E2749A597}.Debug|TwinCAT OS (ARMV7-A).Build.0 = Debug|TwinCAT OS (ARMV7-A)
		{09E6D34F-E502-4CD2-998E-C88E2749A597}.Debug|TwinCAT OS (ARMV7-M).ActiveCfg = Debug|TwinCAT OS (ARMV7-M)
		{09E6D34F-E502-4CD2-998E-C88E2749A597}.Debug|TwinCAT OS (ARMV7-M).Build.0 = Debug|TwinCAT OS (ARMV7-M)
		{09E6D34F-E502-4CD2-998E-C88E2749A597}.Debug|TwinCAT OS (ARMV8-A).ActiveCfg = Debug|TwinCAT OS (ARMV8-A)
		{09E6D34F-E502-4CD2-998E-C88E2749A597}.Debug|TwinCAT OS (ARMV8-A).Build.0 = Debug|TwinCAT OS (ARMV8-A)
		{09E6D34F-E502-4CD2-998E-C88E2749A597}.Debug|TwinCAT OS (x64).ActiveCfg = Debug|TwinCAT OS (x64)
		{09E6D34F-E502-4CD2-998E-C88E2749A597}.Debug|TwinCAT OS (x64).Build.0 = Debug|TwinCAT OS (x64)
		{09E6D34F-E502-4CD2-998E-C88E2749A597}.Debug|TwinCAT RT (x64).ActiveCfg = Debug|TwinCAT RT (x64)
		{09E6D34F-E502-4CD2-998E-C88E2749A597}.Debug|TwinCAT RT (x64).Build.0 = Debug|TwinCAT RT (x64)
		{09E6D34F-E502-4CD2-998E-C88E2749A597}.Debug|TwinCAT RT (x86).ActiveCfg = Debug|TwinCAT RT (x86)
		{09E6D34F-E502-4CD2-998E-C88E2749A597}.Debug|TwinCAT RT (x86).Build.0 = Debug|TwinCAT RT (x86)
		{09E6D34F-E502-4CD2-998E-C88E2749A597}.Release|TwinCAT OS (ARMV7-A).ActiveCfg = Release|TwinCAT OS (ARMV7-A)
		{09E6D34F-E502-4CD2-998E-C88E2749A597}.Release|TwinCAT OS (ARMV7-A).Build.0 = Release|TwinCAT OS (ARMV7-A)
		{09E6D34F-E502-4CD2-998E-C88E2749A597}.Release|TwinCAT OS (ARMV7-M).ActiveCfg = Release|TwinCAT OS (ARMV7-M)
		{09E6D34F-E502-4CD2-998E-C88E2749A597}.Release|TwinCAT OS (ARMV7-M).Build.0 = Release|TwinCAT OS (ARMV7-M)
		{09E6D34F-E502-4CD2-998E-C88E2749A597}.Release|TwinCAT OS (ARMV8-A).ActiveCfg = Release|TwinCAT OS (ARMV8-A)
		{09E6D34F-E502-4CD2-998E-C88E2749A597}.Release|TwinCAT OS (ARMV8-A).Build.0 = Release|TwinCAT OS (ARMV8-A)
		{09E6D34F-E502-4CD2-998E-C88E2749A597}.Release|TwinCAT OS (x64).ActiveCfg = Release|TwinCAT OS (x64)
		{09E6D34F-E502-4CD2-998E-C88E2749A597}.Release|TwinCAT OS (x64).Build.0 = Release|TwinCAT OS (x64)
		{09E6D34F-E502-4CD2-998E-C88E2749A597}.Release|TwinCAT RT (x64).ActiveCfg = Release|TwinCAT RT (x64)
		{09E6D34F-E502-4CD2-998E-C88E2749A597}.Release|TwinCAT RT (x64).Build.0 = Release|TwinCAT RT (x64)
		{09E6D34F-E502-4CD2-998E-C88E2749A597}.Release|TwinCAT RT (x86).ActiveCfg = Release|TwinCAT RT (x86)
		{09E6D34F-E502-4CD2-998E-C88E2749A597}.Release|TwinCAT RT (x86).Build.0 = Release|TwinCAT RT (x86)
		{C6ED1846-41AD-46E6-866E-4F472DAE2D11}.Debug|TwinCAT OS (ARMV7-A).ActiveCfg = Debug|TwinCAT OS (ARMV7-A)
		{C6ED1846-41AD-46E6-866E-4F472DAE2D11}.Debug|TwinCAT OS (ARMV7-A).Build.0 = Debug|TwinCAT OS (ARMV7-A)
		{C6ED1846-41AD-46E6-866E-4F472DAE2D11}.Debug|TwinCAT OS (ARMV7-M).ActiveCfg = Debug|TwinCAT OS (ARMV7-M)
		{C6ED1846-41AD-46E6-866E-4F472DAE2D11}.Debug|TwinCAT OS (ARMV7-M).Build.0 = Debug|TwinCAT OS (ARMV7-M)
		{C6ED1846-41AD-46E6-866E-4F472DAE2D11}.Debug|TwinCAT OS (ARMV8-A).ActiveCfg = Debug|TwinCAT OS (ARMV8-A)
		{C6ED1846-41AD-46E6-866E-4F472DAE2D11}.Debug|TwinCAT OS (ARMV8-A).Build.0 = Debug|TwinCAT OS (ARMV8-A)
		{C6ED1846-41AD-46E6-866E-4F472DAE2D11}.Debug|TwinCAT OS (x64).ActiveCfg = Debug|TwinCAT OS (x64)
		{C6ED1846-41AD-46E6-866E-4F472DAE2D11}.Debug|TwinCAT OS (x64).Build.0 = Debug|TwinCAT OS (x64)
		{C6ED1846-41AD-46E6-866E-4F472DAE2D11}.Debug|TwinCAT RT (x64).ActiveCfg = Debug|TwinCAT RT (x64)
		{C6ED1846-41AD-46E6-866E-4F472DAE2D11}.Debug|TwinCAT RT (x64).Build.0 = Debug|TwinCAT RT (x64)
		{C6ED1846-41AD-46E6-866E-4F472DAE2D11}.Debug|TwinCAT RT (x86).ActiveCfg = Debug|TwinCAT RT (x86)
		{C6ED1846-41AD-46E6-866E-4F472DAE2D11}.Debug|TwinCAT RT (x86).Build.0 = Debug|TwinCAT RT (x86)
		{C6ED1846-41AD-46E6-866E-4F472DAE2D11}.Release|TwinCAT OS (ARMV7-A).ActiveCfg = Release|TwinCAT OS (ARMV7-A)
		{C6ED1846-41AD-46E6-866E-4F472DAE2D11}.Release|TwinCAT OS (ARMV7-A).Build.0 = Release|TwinCAT OS (ARMV7-A)
		{C6ED1846-41AD-46E6-866E-4F472DAE2D11}.Release|TwinCAT OS (ARMV7-M).ActiveCfg = Release|TwinCAT OS (ARMV7-M)
		{C6ED1846-41AD-46E6-866E-4F472DAE2D11}.Release|TwinCAT OS (ARMV7-M).Build.0 = Release|TwinCAT OS (ARMV7-M)
		{C6ED1846-41AD-46E6-866E-4F472DAE2D11}.Release|TwinCAT OS (ARMV8-A).ActiveCfg = Release|TwinCAT OS (ARMV8-A)
		{C6ED1846-41AD-46E6-866E-4F472DAE2D11}.Release|TwinCAT OS (ARMV8-A).Build.0 = Release|TwinCAT OS (ARMV8-A)
		{C6ED1846-41AD-46E6-866E-4F472DAE2D11}.Release|TwinCAT OS (x64).ActiveCfg = Release|TwinCAT OS (x64)
		{C6ED1846-41AD-46E6-866E-4F472DAE2D11}.Release|TwinCAT OS (x64).Build.0 = Release|TwinCAT OS (x64)
		{C6ED1846-41AD-46E6-866E-4F472DAE2D11}.Release|TwinCAT RT (x64).ActiveCfg = Release|TwinCAT RT (x64)
		{C6ED1846-41AD-46E6-866E-4F472DAE2D11}.Release|TwinCAT RT (x64).Build.0 = Release|TwinCAT RT (x64)
		{C6ED1846-41AD-46E6-866E-4F472DAE2D11}.Release|TwinCAT RT (x86).ActiveCfg = Release|TwinCAT RT (x86)
		{C6ED1846-41AD-46E6-866E-4F472DAE2D11}.Release|TwinCAT RT (x86).Build.0 = Release|TwinCAT RT (x86)
		{312B0C02-1C64-41BD-A486-7564258517B2}.Debug|TwinCAT OS (ARMV7-A).ActiveCfg = Debug|TwinCAT OS (ARMV7-A)
		{312B0C02-1C64-41BD-A486-7564258517B2}.Debug|TwinCAT OS (ARMV7-A).Build.0 = Debug|TwinCAT OS (ARMV7-A)
		{312B0C02-1C64-41BD-A486-7564258517B2}.Debug|TwinCAT OS (ARMV7-M).ActiveCfg = Debug|TwinCAT OS (ARMV7-M)
		{312B0C02-1C64-41BD-A486-7564258517B2}.Debug|TwinCAT OS (ARMV7-M).Build.0 = Debug|TwinCAT OS (ARMV7-M)
		{312B0C02-1C64-41BD-A486-7564258517B2}.Debug|TwinCAT OS (ARMV8-A).ActiveCfg = Debug|TwinCAT OS (ARMV8-A)
		{312B0C02-1C64-41BD-A486-7564258517B2}.Debug|TwinCAT OS (ARMV8-A).Build.0 = Debug|TwinCAT OS (ARMV8-A)
		{312B0C02-1C64-41BD-A486-7564258517B2}.Debug|TwinCAT OS (x64).ActiveCfg = Debug|TwinCAT OS (x64)
		{312B0C02-1C64-41BD-A486-7564258517B2}.Debug|TwinCAT OS (x64).Build.0 = Debug|TwinCAT OS (x64)
		{312B0C02-1C64-41BD-A486-7564258517B2}.Debug|TwinCAT RT (x64).ActiveCfg = Debug|TwinCAT RT (x64)
		{312B0C02-1C64-41BD-A486-7564258517B2}.Debug|TwinCAT RT (x64).Build.0 = Debug|TwinCAT RT (x64)
		{312B0C02-1C64-41BD-A486-7564258517B2}.Debug|TwinCAT RT (x86).ActiveCfg = Debug|TwinCAT RT (x86)
		{312B0C02-1C64-41BD-A486-7564258517B2}.Debug|TwinCAT RT (x86).Build.0 = Debug|TwinCAT RT (x86)
		{312B0C02-1C64-41BD-A486-7564258517B2}.Release|TwinCAT OS (ARMV7-A).ActiveCfg = Release|TwinCAT OS (ARMV7-A)
		{312B0C02-1C64-41BD-A486-7564258517B2}.Release|TwinCAT OS (ARMV7-A).Build.0 = Release|TwinCAT OS (ARMV7-A)
		{312B0C02-1C64-41BD-A486-7564258517B2}.Release|TwinCAT OS (ARMV7-M).ActiveCfg = Release|TwinCAT OS (ARMV7-M)
		{312B0C02-1C64-41BD-A486-7564258517B2}.Release|TwinCAT OS (ARMV7-M).Build.0 = Release|TwinCAT OS (ARMV7-M)
		{312B0C02-1C64-41BD-A486-7564258517B2}.Release|TwinCAT OS (ARMV8-A).ActiveCfg = Release|TwinCAT OS (ARMV8-A)
		{312B0C02-1C64-41BD-A486-7564258517B2}.Release|TwinCAT OS (ARMV8-A).Build.0 = Release|TwinCAT OS (ARMV8-A)
		{312B0C02-1C64-41BD-A486-7564258517B2}.Release|TwinCAT OS (x64).ActiveCfg = Release|TwinCAT OS (x64)
		{312B0C02-1C64-41BD-A486-7564258517B2}.Release|TwinCAT OS (x64).Build.0 = Release|TwinCAT OS (x64)
		{312B0C02-1C64-41BD-A486-7564258517B2}.Release|TwinCAT RT (x64).ActiveCfg = Release|TwinCAT RT (x64)
		{312B0C02-1C64-41BD-A486-7564258517B2}.Release|TwinCAT RT (x64).Build.0 = Release|TwinCAT RT (x64)
		{312B0C02-1C64-41BD-A486-7564258517B2}.Release|TwinCAT RT (x86).ActiveCfg = Release|TwinCAT RT (x86)
		{312B0C02-1C64-41BD-A486-7564258517B2}.Release|TwinCAT RT (x86).Build.0 = Release|TwinCAT RT (x86)
		{A4313D0C-5223-4DA4-B2E2-B88C20B6A69F}.Debug|TwinCAT OS (ARMV7-A).ActiveCfg = Debug|TwinCAT OS (ARMV7-A)
		{A4313D0C-5223-4DA4-B2E2-B88C20B6A69F}.Debug|TwinCAT OS (ARMV7-A).Build.0 = Debug|TwinCAT OS (ARMV7-A)
		{A4313D0C-5223-4DA4-B2E2-B88C20B6A69F}.Debug|TwinCAT OS (ARMV7-M).ActiveCfg = Debug|TwinCAT OS (ARMV7-M)
		{A4313D0C-5223-4DA4-B2E2-B88C20B6A69F}.Debug|TwinCAT OS (ARMV7-M).Build.0 = Debug|TwinCAT OS (ARMV7-M)
		{A4313D0C-5223-4DA4-B2E2-B88C20B6A69F}.Debug|TwinCAT OS (ARMV8-A).ActiveCfg = Debug|TwinCAT OS (ARMV8-A)
		{A4313D0C-5223-4DA4-B2E2-B88C20B6A69F}.Debug|TwinCAT OS (ARMV8-A).Build.0 = Debug|TwinCAT OS (ARMV8-A)
		{A4313D0C-5223-4DA4-B2E2-B88C20B6A69F}.Debug|TwinCAT OS (x64).ActiveCfg = Debug|TwinCAT OS (x64)
		{A4313D0C-5223-4DA4-B2E2-B88C20B6A69F}.Debug|TwinCAT OS (x64).Build.0 = Debug|TwinCAT OS (x64)
		{A4313D0C-5223-4DA4-B2E2-B88C20B6A69F}.Debug|TwinCAT RT (x64).ActiveCfg = Debug|TwinCAT RT (x64)
		{A4313D0C-5223-4DA4-B2E2-B88C20B6A69F}.Debug|TwinCAT RT (x64).Build.0 = Debug|TwinCAT RT (x64)
		{A4313D0C-5223-4DA4-B2E2-B88C20B6A69F}.Debug|TwinCAT RT (x86).ActiveCfg = Debug|TwinCAT RT (x86)
		{A4313D0C-5223-4DA4-B2E2-B88C20B6A69F}.Debug|TwinCAT RT (x86).Build.0 = Debug|TwinCAT RT (x86)
		{A4313D0C-5223-4DA4-B2E2-B88C20B6A69F}.Release|TwinCAT OS (ARMV7-A).ActiveCfg = Release|TwinCAT OS (ARMV7-A)
		{A4313D0C-5223-4DA4-B2E2-B88C20B6A69F}.Release|TwinCAT OS (ARMV7-A).Build.0 = Release|TwinCAT OS (ARMV7-A)
		{A4313D0C-5223-4DA4-B2E2-B88C20B6A69F}.Release|TwinCAT OS (ARMV7-M).ActiveCfg = Release|TwinCAT OS (ARMV7-M)
		{A4313D0C-5223-4DA4-B2E2-B88C20B6A69F}.Release|TwinCAT OS (ARMV7-M).Build.0 = Release|TwinCAT OS (ARMV7-M)
		{A4313D0C-5223-4DA4-B2E2-B88C20B6A69F}.Release|TwinCAT OS (ARMV8-A).ActiveCfg = Release|TwinCAT OS (ARMV8-A)
		{A4313D0C-5223-4DA4-B2E2-B88C20B6A69F}.Release|TwinCAT OS (ARMV8-A).Build.0 = Release|TwinCAT OS (ARMV8-A)
		{A4313D0C-5223-4DA4-B2E2-B88C20B6A69F}.Release|TwinCAT OS (x64).ActiveCfg = Release|TwinCAT OS (x64)
		{A4313D0C-5223-4DA4-B2E2-B88C20B6A69F}.Release|TwinCAT OS (x64).Build.0 = Release|TwinCAT OS (x64)
		{A4313D0C-5223-4DA4-B2E2-B88C20B6A69F}.Release|TwinCAT RT (x64).ActiveCfg = Release|TwinCAT RT (x64)
		{A4313D0C-5223-4DA4-B2E2-B88C20B6A69F}.Release|TwinCAT RT (x64).Build.0 = Release|TwinCAT RT (x64)
		{A4313D0C-5223-4DA4-B2E2-B88C20B6A69F}.Release|TwinCAT RT (x86).ActiveCfg = Release|TwinCAT RT (x86)
		{A4313D0C-5223-4DA4-B2E2-B88C20B6A69F}.Release|TwinCAT RT (x86).Build.0 = Release|TwinCAT RT (x86)
	EndGlobalSection
	GlobalSection(SolutionProperties) = preSolution
		HideSolutionNode = FALSE
	EndGlobalSection
	GlobalSection(ExtensibilityGlobals) = postSolution
		SolutionGuid = {334F3171-3F19-4E08-837B-DFFA8315F1ED}
	EndGlobalSection
EndGlobal
